{
    "_readme": [
        "This file locks the dependencies of your project to a known state",
        "Read more about it at https://getcomposer.org/doc/01-basic-usage.md#composer-lock-the-lock-file",
        "This file is @generated automatically"
    ],
    "content-hash": "a16688743d37b215f63f60567e807463",
    "packages": [
        {
            "name": "defuse/php-encryption",
            "version": "v2.2.0",
            "source": {
                "type": "git",
                "url": "https://github.com/defuse/php-encryption.git",
                "reference": "0d4d27c368ca6798bc162469e43248c363c73495"
            },
            "dist": {
                "type": "zip",
                "url": "https://api.github.com/repos/defuse/php-encryption/zipball/0d4d27c368ca6798bc162469e43248c363c73495",
                "reference": "0d4d27c368ca6798bc162469e43248c363c73495",
                "shasum": ""
            },
            "require": {
                "ext-openssl": "*",
                "paragonie/random_compat": "~2.0",
                "php": ">=5.4.0"
            },
            "require-dev": {
                "nikic/php-parser": "^2.0|^3.0|^4.0",
                "phpunit/phpunit": "^4|^5"
            },
            "bin": [
                "bin/generate-defuse-key"
            ],
            "type": "library",
            "autoload": {
                "psr-4": {
                    "Defuse\\Crypto\\": "src"
                }
            },
            "notification-url": "https://packagist.org/downloads/",
            "license": [
                "MIT"
            ],
            "authors": [
                {
                    "name": "Taylor Hornby",
                    "email": "taylor@defuse.ca",
                    "homepage": "https://defuse.ca/"
                },
                {
                    "name": "Scott Arciszewski",
                    "email": "info@paragonie.com",
                    "homepage": "https://paragonie.com"
                }
            ],
            "description": "Secure PHP Encryption Library",
            "keywords": [
                "aes",
                "authenticated encryption",
                "cipher",
                "crypto",
                "cryptography",
                "encrypt",
                "encryption",
                "openssl",
                "security",
                "symmetric key cryptography"
            ],
            "time": "2018-04-23T19:33:40+00:00"
        },
        {
            "name": "dg/mysql-dump",
            "version": "v1.4.0",
            "source": {
                "type": "git",
                "url": "https://github.com/dg/MySQL-dump.git",
                "reference": "8970328c9a8665e65f3855c849f5d4de94075f13"
            },
            "dist": {
                "type": "zip",
                "url": "https://api.github.com/repos/dg/MySQL-dump/zipball/8970328c9a8665e65f3855c849f5d4de94075f13",
                "reference": "8970328c9a8665e65f3855c849f5d4de94075f13",
                "shasum": ""
            },
            "type": "library",
            "autoload": {
                "classmap": [
                    "src/"
                ]
            },
            "notification-url": "https://packagist.org/downloads/",
            "license": [
                "BSD-3-Clause"
            ],
            "authors": [
                {
                    "name": "David Grudl",
                    "homepage": "http://davidgrudl.com"
                }
            ],
            "description": "MySQL database dump.",
            "homepage": "https://github.com/dg/MySQL-dump",
            "keywords": [
                "mysql"
            ],
            "time": "2017-05-24T12:44:51+00:00"
        },
        {
            "name": "godric/db-backup",
            "version": "dev-master",
            "source": {
                "type": "git",
                "url": "https://github.com/godric-cz/db-backup.git",
                "reference": "a7f44a98c3d23fa0dec3b887c485be22a234ad23"
            },
            "dist": {
                "type": "zip",
                "url": "https://api.github.com/repos/godric-cz/db-backup/zipball/a7f44a98c3d23fa0dec3b887c485be22a234ad23",
                "reference": "a7f44a98c3d23fa0dec3b887c485be22a234ad23",
                "shasum": ""
            },
            "require": {
                "dg/mysql-dump": "^1.4"
            },
            "type": "library",
            "autoload": {
                "psr-4": {
                    "Godric\\DbBackup\\": "src/"
                }
            },
            "description": "Backup mysql database to FTP with pure PHP. No mysqldump on server needed.",
            "support": {
                "source": "https://github.com/godric-cz/db-backup/tree/master",
                "issues": "https://github.com/godric-cz/db-backup/issues"
            },
            "time": "2017-12-19 15:08:59"
        },
        {
            "name": "godric/db-migrations",
            "version": "dev-master",
            "source": {
                "type": "git",
                "url": "https://github.com/godric-cz/db-migrations.git",
                "reference": "c713aceb487919c050faafe48a82ac6371ea35bd"
            },
            "dist": {
                "type": "zip",
                "url": "https://api.github.com/repos/godric-cz/db-migrations/zipball/c713aceb487919c050faafe48a82ac6371ea35bd",
                "reference": "c713aceb487919c050faafe48a82ac6371ea35bd",
                "shasum": ""
            },
            "require": {
                "dg/mysql-dump": "^1.4"
            },
            "type": "library",
            "autoload": {
                "psr-4": {
                    "Godric\\DbMigrations\\": "src/"
                }
            },
            "description": "Database migration tool with automagic and possibly without commandline.",
            "support": {
                "source": "https://github.com/godric-cz/db-migrations/tree/master",
                "issues": "https://github.com/godric-cz/db-migrations/issues"
            },
            "time": "2018-08-31 19:24:03"
        },
        {
            "name": "godric/db-test",
            "version": "dev-master",
            "source": {
                "type": "git",
                "url": "https://github.com/godric-cz/db-test.git",
                "reference": "7934e457b13034b04db3b9be58a92b70e2032e74"
            },
            "dist": {
                "type": "zip",
                "url": "https://api.github.com/repos/godric-cz/db-test/zipball/7934e457b13034b04db3b9be58a92b70e2032e74",
                "reference": "7934e457b13034b04db3b9be58a92b70e2032e74",
                "shasum": ""
            },
            "type": "library",
            "autoload": {
                "psr-4": {
                    "Godric\\DbTest\\": "src/"
                }
            },
            "description": "PHPUnit database tests with transactions.",
            "support": {
                "source": "https://github.com/godric-cz/db-test/tree/master",
                "issues": "https://github.com/godric-cz/db-test/issues"
            },
            "time": "2018-07-15 16:17:18"
        },
        {
            "name": "godric/xtemplate",
            "version": "dev-master",
            "source": {
                "type": "git",
                "url": "https://github.com/godric-cz/xtemplate.git",
                "reference": "a00586ef557b0d1592c2f592647077cce8346176"
            },
            "dist": {
                "type": "zip",
                "url": "https://api.github.com/repos/godric-cz/xtemplate/zipball/a00586ef557b0d1592c2f592647077cce8346176",
                "reference": "a00586ef557b0d1592c2f592647077cce8346176",
                "shasum": ""
            },
            "type": "library",
            "autoload": {
                "classmap": [
                    "src/"
                ]
            },
            "description": "simple templating engine",
            "support": {
                "source": "https://github.com/godric-cz/xtemplate/tree/master",
                "issues": "https://github.com/godric-cz/xtemplate/issues"
            },
            "time": "2016-02-28 19:55:11"
        },
        {
            "name": "michelf/php-markdown",
            "version": "1.8.0",
            "source": {
                "type": "git",
                "url": "https://github.com/michelf/php-markdown.git",
                "reference": "01ab082b355bf188d907b9929cd99b2923053495"
            },
            "dist": {
                "type": "zip",
                "url": "https://api.github.com/repos/michelf/php-markdown/zipball/01ab082b355bf188d907b9929cd99b2923053495",
                "reference": "01ab082b355bf188d907b9929cd99b2923053495",
                "shasum": ""
            },
            "require": {
                "php": ">=5.3.0"
            },
            "type": "library",
            "autoload": {
                "psr-4": {
                    "Michelf\\": "Michelf/"
                }
            },
            "notification-url": "https://packagist.org/downloads/",
            "license": [
                "BSD-3-Clause"
            ],
            "authors": [
                {
                    "name": "Michel Fortin",
                    "email": "michel.fortin@michelf.ca",
                    "homepage": "https://michelf.ca/",
                    "role": "Developer"
                },
                {
                    "name": "John Gruber",
                    "homepage": "https://daringfireball.net/"
                }
            ],
            "description": "PHP Markdown",
            "homepage": "https://michelf.ca/projects/php-markdown/",
            "keywords": [
                "markdown"
            ],
            "time": "2018-01-15T00:49:33+00:00"
        },
        {
            "name": "oyejorge/less.php",
            "version": "v1.7.0.14",
            "source": {
                "type": "git",
                "url": "https://github.com/oyejorge/less.php.git",
                "reference": "42925c5a01a07d67ca7e82dfc8fb31814d557bc9"
            },
            "dist": {
                "type": "zip",
                "url": "https://api.github.com/repos/oyejorge/less.php/zipball/42925c5a01a07d67ca7e82dfc8fb31814d557bc9",
                "reference": "42925c5a01a07d67ca7e82dfc8fb31814d557bc9",
                "shasum": ""
            },
            "require": {
                "php": ">=5.3"
            },
            "require-dev": {
                "phpunit/phpunit": "~4.8.24"
            },
            "bin": [
                "bin/lessc"
            ],
            "type": "library",
            "autoload": {
                "psr-0": {
                    "Less": "lib/"
                },
                "classmap": [
                    "lessc.inc.php"
                ]
            },
            "notification-url": "https://packagist.org/downloads/",
            "license": [
                "Apache-2.0"
            ],
            "authors": [
                {
                    "name": "Matt Agar",
                    "homepage": "https://github.com/agar"
                },
                {
                    "name": "Martin Jantošovič",
                    "homepage": "https://github.com/Mordred"
                },
                {
                    "name": "Josh Schmidt",
                    "homepage": "https://github.com/oyejorge"
                }
            ],
            "description": "PHP port of the Javascript version of LESS http://lesscss.org (Originally maintained by Josh Schmidt)",
            "homepage": "http://lessphp.gpeasy.com",
            "keywords": [
                "css",
                "less",
                "less.js",
                "lesscss",
                "php",
                "stylesheet"
            ],
            "time": "2017-03-28T22:19:25+00:00"
        },
        {
            "name": "paragonie/random_compat",
            "version": "v2.0.17",
            "source": {
                "type": "git",
                "url": "https://github.com/paragonie/random_compat.git",
                "reference": "29af24f25bab834fcbb38ad2a69fa93b867e070d"
            },
            "dist": {
                "type": "zip",
                "url": "https://api.github.com/repos/paragonie/random_compat/zipball/29af24f25bab834fcbb38ad2a69fa93b867e070d",
                "reference": "29af24f25bab834fcbb38ad2a69fa93b867e070d",
                "shasum": ""
            },
            "require": {
                "php": ">=5.2.0"
            },
            "require-dev": {
                "phpunit/phpunit": "4.*|5.*"
            },
            "suggest": {
                "ext-libsodium": "Provides a modern crypto API that can be used to generate random bytes."
            },
            "type": "library",
            "autoload": {
                "files": [
                    "lib/random.php"
                ]
            },
            "notification-url": "https://packagist.org/downloads/",
            "license": [
                "MIT"
            ],
            "authors": [
                {
                    "name": "Paragon Initiative Enterprises",
                    "email": "security@paragonie.com",
                    "homepage": "https://paragonie.com"
                }
            ],
            "description": "PHP 5.x polyfill for random_bytes() and random_int() from PHP 7",
            "keywords": [
                "csprng",
                "polyfill",
                "pseudorandom",
                "random"
            ],
            "time": "2018-07-04T16:31:37+00:00"
        },
        {
            "name": "roderik/pwgen-php",
            "version": "0.1.8",
            "source": {
                "type": "git",
                "url": "https://github.com/roderik/pwgen-php.git",
                "reference": "19763b860eeb94b818cfc67fd6a47b697594e1da"
            },
            "dist": {
                "type": "zip",
                "url": "https://api.github.com/repos/roderik/pwgen-php/zipball/19763b860eeb94b818cfc67fd6a47b697594e1da",
                "reference": "19763b860eeb94b818cfc67fd6a47b697594e1da",
                "shasum": ""
            },
            "require": {
                "php": ">=5.3.3"
            },
            "require-dev": {
                "phpunit/phpunit": "^6.4"
            },
            "type": "library",
            "autoload": {
                "psr-4": {
                    "PWGen\\": "src/"
                }
            },
            "notification-url": "https://packagist.org/downloads/",
            "license": [
                "GPL"
            ],
            "authors": [
                {
                    "name": "Theodore Ts'o",
                    "email": "tytso@alum.mit.edu"
                },
                {
                    "name": "Superwayne",
                    "email": "superwayne@superwayne.org"
                }
            ],
            "description": "pwgen-php is a simple PHP class which aims to clone the GNU pwgen functionality.",
            "keywords": [
                "generator",
                "password"
            ],
            "time": "2017-12-01T08:47:54+00:00"
        },
        {
            "name": "tracy/tracy",
            "version": "v2.5.1",
            "source": {
                "type": "git",
                "url": "https://github.com/nette/tracy.git",
                "reference": "bea9df15a1cdbf3ec50ef3a75f5ada1ab536d679"
            },
            "dist": {
                "type": "zip",
                "url": "https://api.github.com/repos/nette/tracy/zipball/bea9df15a1cdbf3ec50ef3a75f5ada1ab536d679",
                "reference": "bea9df15a1cdbf3ec50ef3a75f5ada1ab536d679",
                "shasum": ""
            },
            "require": {
                "ext-json": "*",
                "ext-session": "*",
                "php": ">=5.4.4"
            },
            "require-dev": {
                "nette/di": "~2.3",
                "nette/tester": "~1.7"
            },
            "suggest": {
                "https://nette.org/donate": "Please support Tracy via a donation"
            },
            "type": "library",
            "extra": {
                "branch-alias": {
                    "dev-master": "2.5-dev"
                }
            },
            "autoload": {
                "classmap": [
                    "src"
                ],
                "files": [
                    "src/shortcuts.php"
                ]
            },
            "notification-url": "https://packagist.org/downloads/",
            "license": [
                "BSD-3-Clause"
            ],
            "authors": [
                {
                    "name": "David Grudl",
                    "homepage": "https://davidgrudl.com"
                },
                {
                    "name": "Nette Community",
                    "homepage": "https://nette.org/contributors"
                }
            ],
            "description": "😎 Tracy: the addictive tool to ease debugging PHP code for cool developers. Friendly design, logging, profiler, advanced features like debugging AJAX calls or CLI support. You will love it.",
            "homepage": "https://tracy.nette.org",
            "keywords": [
                "Xdebug",
                "debug",
                "debugger",
                "nette",
                "profiler"
            ],
            "time": "2018-07-03T11:34:33+00:00"
        }
    ],
    "packages-dev": [
        {
            "name": "dg/ftp-deployment",
            "version": "v2.9",
            "source": {
                "type": "git",
                "url": "https://github.com/dg/ftp-deployment.git",
                "reference": "0f7650d041a629a8a7c295f3025a532491d8cd73"
            },
            "dist": {
                "type": "zip",
                "url": "https://api.github.com/repos/dg/ftp-deployment/zipball/0f7650d041a629a8a7c295f3025a532491d8cd73",
                "reference": "0f7650d041a629a8a7c295f3025a532491d8cd73",
                "shasum": ""
            },
            "require": {
                "ext-zlib": "*",
                "php": ">=5.4.0"
            },
            "require-dev": {
                "nette/tester": "~1.3"
            },
            "suggest": {
                "ext-ftp": "to connect to ftp:// server",
                "ext-json": "to preprocess CSS files via online service",
                "ext-openssl": "to connect to ftps:// server and preprocess CSS files",
                "ext-ssh2": "to connect to sftp:// server"
            },
            "bin": [
                "deployment"
            ],
            "type": "project",
            "autoload": {
                "classmap": [
                    "src/"
                ]
            },
            "notification-url": "https://packagist.org/downloads/",
            "license": [
                "BSD-3-Clause",
                "GPL-2.0",
                "GPL-3.0"
            ],
            "authors": [
                {
                    "name": "David Grudl",
                    "homepage": "https://davidgrudl.com"
                }
            ],
            "description": "A tool for automated deployment of web applications to an FTP server.",
            "homepage": "https://github.com/dg/ftp-deployment",
            "keywords": [
                "deployment",
                "ftp",
                "ssh"
            ],
            "time": "2018-04-16T12:23:47+00:00"
        }
    ],
    "aliases": [],
    "minimum-stability": "stable",
    "stability-flags": {
        "godric/xtemplate": 20,
        "godric/db-backup": 20,
        "godric/db-test": 20,
        "godric/db-migrations": 20
    },
    "prefer-stable": false,
    "prefer-lowest": false,
    "platform": [],
    "platform-dev": []
}
