{
    "_readme": [
        "This file locks the dependencies of your project to a known state",
        "Read more about it at https://getcomposer.org/doc/01-basic-usage.md#composer-lock-the-lock-file",
        "This file is @generated automatically"
    ],
    "hash": "e815c2ab94811f33c690a9c75e41bd0a",
    "content-hash": "8cd76d65fbe1498dcea3f2b9d41d9501",
    "packages": [
        {
            "name": "dg/mysql-dump",
            "version": "dev-master",
            "source": {
                "type": "git",
                "url": "https://github.com/dg/MySQL-dump.git",
                "reference": "462eaac79ea4ad9da75645b8930ce96a8eb10be2"
            },
            "dist": {
                "type": "zip",
                "url": "https://api.github.com/repos/dg/MySQL-dump/zipball/462eaac79ea4ad9da75645b8930ce96a8eb10be2",
                "reference": "462eaac79ea4ad9da75645b8930ce96a8eb10be2",
                "shasum": ""
            },
            "type": "library",
            "autoload": {
                "classmap": [
                    "src/"
                ]
            },
            "notification-url": "https://packagist.org/downloads/",
            "license": [
                "BSD-3-Clause"
            ],
            "authors": [
                {
                    "name": "David Grudl",
                    "homepage": "http://davidgrudl.com"
                }
            ],
            "description": "MySQL database dump.",
            "homepage": "https://github.com/dg/MySQL-dump",
            "keywords": [
                "mysql"
            ],
            "time": "2014-03-12 20:17:00"
        },
        {
            "name": "godric/xtemplate",
            "version": "dev-master",
            "source": {
                "type": "git",
                "url": "https://github.com/godric-cz/xtemplate.git",
                "reference": "a00586ef557b0d1592c2f592647077cce8346176"
            },
            "dist": {
                "type": "zip",
                "url": "https://api.github.com/repos/godric-cz/xtemplate/zipball/a00586ef557b0d1592c2f592647077cce8346176",
                "reference": "a00586ef557b0d1592c2f592647077cce8346176",
                "shasum": ""
            },
            "type": "library",
            "autoload": {
                "classmap": [
                    "src/"
                ]
            },
            "description": "simple templating engine",
            "support": {
                "source": "https://github.com/godric-cz/xtemplate/tree/master",
                "issues": "https://github.com/godric-cz/xtemplate/issues"
            },
            "time": "2016-02-28 19:55:11"
        },
        {
            "name": "less.php/less.php",
            "version": "v1.7.0.2",
            "source": {
                "type": "git",
                "url": "https://github.com/Less-PHP/less.php.git",
                "reference": "82372b389386ae1edab55495eae4b400cca3c86c"
            },
            "dist": {
                "type": "zip",
                "url": "https://api.github.com/repos/Less-PHP/less.php/zipball/82372b389386ae1edab55495eae4b400cca3c86c",
                "reference": "82372b389386ae1edab55495eae4b400cca3c86c",
                "shasum": ""
            },
            "require": {
                "php": ">=5.2"
            },
            "bin": [
                "bin/lessc"
            ],
            "type": "library",
            "autoload": {
                "psr-0": {
                    "Less": "lib/"
                },
                "classmap": [
                    "lessc.inc.php"
                ]
            },
            "notification-url": "https://packagist.org/downloads/",
            "license": [
                "Apache-2.0"
            ],
            "authors": [
                {
                    "name": "Matt Agar",
                    "homepage": "https://github.com/agar"
                },
                {
                    "name": "Martin Jantošovič",
                    "homepage": "https://github.com/Mordred"
                },
                {
                    "name": "Josh Schmidt",
                    "homepage": "https://github.com/oyejorge"
                }
            ],
            "description": "PHP port of the Javascript version of LESS http://lesscss.org",
            "homepage": "http://lessphp.gpeasy.com",
            "keywords": [
                "css",
                "less",
                "less.js",
                "lesscss",
                "php",
                "stylesheet"
            ],
            "time": "2014-06-05 16:09:50"
        },
        {
            "name": "michelf/php-markdown",
            "version": "1.4.1",
            "source": {
                "type": "git",
                "url": "https://github.com/michelf/php-markdown.git",
                "reference": "de9a19c7bf352d41cc99ed86c3c0ef17e87394b6"
            },
            "dist": {
                "type": "zip",
                "url": "https://api.github.com/repos/michelf/php-markdown/zipball/de9a19c7bf352d41cc99ed86c3c0ef17e87394b6",
                "reference": "de9a19c7bf352d41cc99ed86c3c0ef17e87394b6",
                "shasum": ""
            },
            "require": {
                "php": ">=5.3.0"
            },
            "type": "library",
            "extra": {
                "branch-alias": {
                    "dev-lib": "1.4.x-dev"
                }
            },
            "autoload": {
                "psr-0": {
                    "Michelf": ""
                }
            },
            "notification-url": "https://packagist.org/downloads/",
            "license": [
                "BSD-3-Clause"
            ],
            "authors": [
                {
                    "name": "Michel Fortin",
                    "email": "michel.fortin@michelf.ca",
                    "homepage": "http://michelf.ca/",
                    "role": "Developer"
                },
                {
                    "name": "John Gruber",
                    "homepage": "http://daringfireball.net/"
                }
            ],
            "description": "PHP Markdown",
            "homepage": "http://michelf.ca/projects/php-markdown/",
            "keywords": [
                "markdown"
            ],
            "time": "2014-05-05 02:43:50"
        },
        {
            "name": "tracy/tracy",
            "version": "v2.4.1",
            "source": {
                "type": "git",
                "url": "https://github.com/nette/tracy.git",
                "reference": "89cd0c8cfd7e246a39a504f860cf2fbb5a5095f1"
            },
            "dist": {
                "type": "zip",
                "url": "https://api.github.com/repos/nette/tracy/zipball/89cd0c8cfd7e246a39a504f860cf2fbb5a5095f1",
                "reference": "89cd0c8cfd7e246a39a504f860cf2fbb5a5095f1",
                "shasum": ""
            },
            "require": {
                "php": ">=5.4.4"
            },
            "require-dev": {
                "nette/di": "~2.3",
                "nette/tester": "~2.0"
            },
            "type": "library",
            "extra": {
                "branch-alias": {
                    "dev-master": "2.4-dev"
                }
            },
            "autoload": {
                "classmap": [
                    "src"
                ],
                "files": [
                    "src/shortcuts.php"
                ]
            },
            "notification-url": "https://packagist.org/downloads/",
            "license": [
                "BSD-3-Clause",
                "GPL-2.0",
                "GPL-3.0"
            ],
            "authors": [
                {
                    "name": "David Grudl",
                    "homepage": "https://davidgrudl.com"
                },
                {
                    "name": "Nette Community",
                    "homepage": "https://nette.org/contributors"
                }
            ],
            "description": "Tracy: useful PHP debugger",
            "homepage": "https://tracy.nette.org",
            "keywords": [
                "debug",
                "debugger",
                "nette"
            ],
            "time": "2016-06-30 19:57:01"
        }
    ],
    "packages-dev": [],
    "aliases": [],
    "minimum-stability": "stable",
    "stability-flags": {
        "dg/mysql-dump": 20,
        "godric/xtemplate": 20
    },
    "prefer-stable": false,
    "prefer-lowest": false,
    "platform": [],
    "platform-dev": []
}
