# THIS IS AN AUTOGENERATED FILE. DO NOT EDIT THIS FILE DIRECTLY.
# yarn lockfile v1


"@ampproject/remapping@^2.1.0":
  version "2.2.0"
  resolved "https://registry.npmjs.org/@ampproject/remapping/-/remapping-2.2.0.tgz"
  dependencies:
    "@jridgewell/gen-mapping" "^0.1.0"
    "@jridgewell/trace-mapping" "^0.3.9"

"@babel/code-frame@^7.18.6":
  version "7.18.6"
  resolved "https://registry.npmjs.org/@babel/code-frame/-/code-frame-7.18.6.tgz"
  dependencies:
    "@babel/highlight" "^7.18.6"

"@babel/compat-data@^7.18.6":
  version "7.18.8"
  resolved "https://registry.npmjs.org/@babel/compat-data/-/compat-data-7.18.8.tgz"

"@babel/core@^7.9.6":
  version "7.18.6"
  resolved "https://registry.npmjs.org/@babel/core/-/core-7.18.6.tgz"
  dependencies:
    "@ampproject/remapping" "^2.1.0"
    "@babel/code-frame" "^7.18.6"
    "@babel/generator" "^7.18.6"
    "@babel/helper-compilation-targets" "^7.18.6"
    "@babel/helper-module-transforms" "^7.18.6"
    "@babel/helpers" "^7.18.6"
    "@babel/parser" "^7.18.6"
    "@babel/template" "^7.18.6"
    "@babel/traverse" "^7.18.6"
    "@babel/types" "^7.18.6"
    convert-source-map "^1.7.0"
    debug "^4.1.0"
    gensync "^1.0.0-beta.2"
    json5 "^2.2.1"
    semver "^6.3.0"

"@babel/generator@^7.18.6", "@babel/generator@^7.18.7":
  version "7.18.7"
  resolved "https://registry.npmjs.org/@babel/generator/-/generator-7.18.7.tgz"
  dependencies:
    "@babel/types" "^7.18.7"
    "@jridgewell/gen-mapping" "^0.3.2"
    jsesc "^2.5.1"

"@babel/helper-annotate-as-pure@^7.16.7":
  version "7.16.7"
  resolved "https://registry.npmjs.org/@babel/helper-annotate-as-pure/-/helper-annotate-as-pure-7.16.7.tgz"
  dependencies:
    "@babel/types" "^7.16.7"

"@babel/helper-compilation-targets@^7.18.6":
  version "7.18.6"
  resolved "https://registry.npmjs.org/@babel/helper-compilation-targets/-/helper-compilation-targets-7.18.6.tgz"
  dependencies:
    "@babel/compat-data" "^7.18.6"
    "@babel/helper-validator-option" "^7.18.6"
    browserslist "^4.20.2"
    semver "^6.3.0"

"@babel/helper-environment-visitor@^7.18.6":
  version "7.18.6"
  resolved "https://registry.npmjs.org/@babel/helper-environment-visitor/-/helper-environment-visitor-7.18.6.tgz"

"@babel/helper-function-name@^7.18.6":
  version "7.18.6"
  resolved "https://registry.npmjs.org/@babel/helper-function-name/-/helper-function-name-7.18.6.tgz"
  dependencies:
    "@babel/template" "^7.18.6"
    "@babel/types" "^7.18.6"

"@babel/helper-hoist-variables@^7.18.6":
  version "7.18.6"
  resolved "https://registry.npmjs.org/@babel/helper-hoist-variables/-/helper-hoist-variables-7.18.6.tgz"
  dependencies:
    "@babel/types" "^7.18.6"

"@babel/helper-module-imports@^7.16.7", "@babel/helper-module-imports@^7.18.6":
  version "7.18.6"
  resolved "https://registry.npmjs.org/@babel/helper-module-imports/-/helper-module-imports-7.18.6.tgz"
  dependencies:
    "@babel/types" "^7.18.6"

"@babel/helper-module-transforms@^7.18.6":
  version "7.18.8"
  resolved "https://registry.npmjs.org/@babel/helper-module-transforms/-/helper-module-transforms-7.18.8.tgz"
  dependencies:
    "@babel/helper-environment-visitor" "^7.18.6"
    "@babel/helper-module-imports" "^7.18.6"
    "@babel/helper-simple-access" "^7.18.6"
    "@babel/helper-split-export-declaration" "^7.18.6"
    "@babel/helper-validator-identifier" "^7.18.6"
    "@babel/template" "^7.18.6"
    "@babel/traverse" "^7.18.8"
    "@babel/types" "^7.18.8"

"@babel/helper-plugin-utils@^7.17.12":
  version "7.17.12"
  resolved "https://registry.npmjs.org/@babel/helper-plugin-utils/-/helper-plugin-utils-7.17.12.tgz"

"@babel/helper-simple-access@^7.18.6":
  version "7.18.6"
  resolved "https://registry.npmjs.org/@babel/helper-simple-access/-/helper-simple-access-7.18.6.tgz"
  dependencies:
    "@babel/types" "^7.18.6"

"@babel/helper-split-export-declaration@^7.18.6":
  version "7.18.6"
  resolved "https://registry.npmjs.org/@babel/helper-split-export-declaration/-/helper-split-export-declaration-7.18.6.tgz"
  dependencies:
    "@babel/types" "^7.18.6"

"@babel/helper-validator-identifier@^7.18.6":
  version "7.18.6"
  resolved "https://registry.npmjs.org/@babel/helper-validator-identifier/-/helper-validator-identifier-7.18.6.tgz"

"@babel/helper-validator-option@^7.18.6":
  version "7.18.6"
  resolved "https://registry.npmjs.org/@babel/helper-validator-option/-/helper-validator-option-7.18.6.tgz"

"@babel/helpers@^7.18.6":
  version "7.18.6"
  resolved "https://registry.npmjs.org/@babel/helpers/-/helpers-7.18.6.tgz"
  dependencies:
    "@babel/template" "^7.18.6"
    "@babel/traverse" "^7.18.6"
    "@babel/types" "^7.18.6"

"@babel/highlight@^7.18.6":
  version "7.18.6"
  resolved "https://registry.npmjs.org/@babel/highlight/-/highlight-7.18.6.tgz"
  dependencies:
    "@babel/helper-validator-identifier" "^7.18.6"
    chalk "^2.0.0"
    js-tokens "^4.0.0"

"@babel/parser@^7.18.6", "@babel/parser@^7.18.8":
  version "7.18.8"
  resolved "https://registry.npmjs.org/@babel/parser/-/parser-7.18.8.tgz"

"@babel/plugin-syntax-jsx@^7.17.12":
  version "7.17.12"
  resolved "https://registry.npmjs.org/@babel/plugin-syntax-jsx/-/plugin-syntax-jsx-7.17.12.tgz"
  dependencies:
    "@babel/helper-plugin-utils" "^7.17.12"

"@babel/plugin-transform-react-jsx-development@^7.16.7":
  version "7.16.7"
  resolved "https://registry.npmjs.org/@babel/plugin-transform-react-jsx-development/-/plugin-transform-react-jsx-development-7.16.7.tgz"
  dependencies:
    "@babel/plugin-transform-react-jsx" "^7.16.7"

"@babel/plugin-transform-react-jsx@^7.14.9", "@babel/plugin-transform-react-jsx@^7.16.7":
  version "7.17.12"
  resolved "https://registry.npmjs.org/@babel/plugin-transform-react-jsx/-/plugin-transform-react-jsx-7.17.12.tgz"
  dependencies:
    "@babel/helper-annotate-as-pure" "^7.16.7"
    "@babel/helper-module-imports" "^7.16.7"
    "@babel/helper-plugin-utils" "^7.17.12"
    "@babel/plugin-syntax-jsx" "^7.17.12"
    "@babel/types" "^7.17.12"

"@babel/template@^7.18.6":
  version "7.18.6"
  resolved "https://registry.npmjs.org/@babel/template/-/template-7.18.6.tgz"
  dependencies:
    "@babel/code-frame" "^7.18.6"
    "@babel/parser" "^7.18.6"
    "@babel/types" "^7.18.6"

"@babel/traverse@^7.18.6", "@babel/traverse@^7.18.8":
  version "7.18.8"
  resolved "https://registry.npmjs.org/@babel/traverse/-/traverse-7.18.8.tgz"
  dependencies:
    "@babel/code-frame" "^7.18.6"
    "@babel/generator" "^7.18.7"
    "@babel/helper-environment-visitor" "^7.18.6"
    "@babel/helper-function-name" "^7.18.6"
    "@babel/helper-hoist-variables" "^7.18.6"
    "@babel/helper-split-export-declaration" "^7.18.6"
    "@babel/parser" "^7.18.8"
    "@babel/types" "^7.18.8"
    debug "^4.1.0"
    globals "^11.1.0"

"@babel/types@^7.16.7", "@babel/types@^7.17.12", "@babel/types@^7.18.6", "@babel/types@^7.18.7", "@babel/types@^7.18.8":
  version "7.18.8"
  resolved "https://registry.npmjs.org/@babel/types/-/types-7.18.8.tgz"
  dependencies:
    "@babel/helper-validator-identifier" "^7.18.6"
    to-fast-properties "^2.0.0"

"@jridgewell/gen-mapping@^0.1.0":
  version "0.1.1"
  resolved "https://registry.npmjs.org/@jridgewell/gen-mapping/-/gen-mapping-0.1.1.tgz"
  dependencies:
    "@jridgewell/set-array" "^1.0.0"
    "@jridgewell/sourcemap-codec" "^1.4.10"

"@jridgewell/gen-mapping@^0.3.2":
  version "0.3.2"
  resolved "https://registry.npmjs.org/@jridgewell/gen-mapping/-/gen-mapping-0.3.2.tgz"
  dependencies:
    "@jridgewell/set-array" "^1.0.1"
    "@jridgewell/sourcemap-codec" "^1.4.10"
    "@jridgewell/trace-mapping" "^0.3.9"

"@jridgewell/resolve-uri@^3.0.3":
  version "3.0.7"
  resolved "https://registry.npmjs.org/@jridgewell/resolve-uri/-/resolve-uri-3.0.7.tgz"

"@jridgewell/set-array@^1.0.0", "@jridgewell/set-array@^1.0.1":
  version "1.1.1"
  resolved "https://registry.npmjs.org/@jridgewell/set-array/-/set-array-1.1.1.tgz"

"@jridgewell/sourcemap-codec@^1.4.10":
  version "1.4.13"
  resolved "https://registry.npmjs.org/@jridgewell/sourcemap-codec/-/sourcemap-codec-1.4.13.tgz"

"@jridgewell/trace-mapping@^0.3.9":
  version "0.3.13"
  resolved "https://registry.npmjs.org/@jridgewell/trace-mapping/-/trace-mapping-0.3.13.tgz"
  dependencies:
    "@jridgewell/resolve-uri" "^3.0.3"
    "@jridgewell/sourcemap-codec" "^1.4.10"

"@preact/preset-vite@^2.1.5":
  version "2.2.0"
  resolved "https://registry.npmjs.org/@preact/preset-vite/-/preset-vite-2.2.0.tgz"
  dependencies:
    "@babel/plugin-transform-react-jsx" "^7.14.9"
    "@babel/plugin-transform-react-jsx-development" "^7.16.7"
    "@prefresh/vite" "^2.2.6"
    "@rollup/pluginutils" "^4.1.1"
    babel-plugin-transform-hook-names "^1.0.2"
    debug "^4.3.1"
    kolorist "^1.2.10"
    resolve "^1.20.0"

"@prefresh/babel-plugin@0.4.3":
  version "0.4.3"
  resolved "https://registry.npmjs.org/@prefresh/babel-plugin/-/babel-plugin-0.4.3.tgz"

"@prefresh/core@^1.3.3":
  version "1.3.4"
  resolved "https://registry.npmjs.org/@prefresh/core/-/core-1.3.4.tgz"

"@prefresh/utils@^1.1.2":
  version "1.1.3"
  resolved "https://registry.npmjs.org/@prefresh/utils/-/utils-1.1.3.tgz"

"@prefresh/vite@^2.2.6":
  version "2.2.8"
  resolved "https://registry.npmjs.org/@prefresh/vite/-/vite-2.2.8.tgz"
  dependencies:
    "@babel/core" "^7.9.6"
    "@prefresh/babel-plugin" "0.4.3"
    "@prefresh/core" "^1.3.3"
    "@prefresh/utils" "^1.1.2"
    "@rollup/pluginutils" "^4.1.0"

"@rollup/pluginutils@^4.1.0", "@rollup/pluginutils@^4.1.1":
  version "4.2.1"
  resolved "https://registry.npmjs.org/@rollup/pluginutils/-/pluginutils-4.2.1.tgz"
  dependencies:
    estree-walker "^2.0.1"
    picomatch "^2.2.2"

"@types/node@^17.0.36":
  version "17.0.36"
  resolved "https://registry.npmjs.org/@types/node/-/node-17.0.36.tgz"

ansi-styles@^3.2.1:
  version "3.2.1"
  resolved "https://registry.npmjs.org/ansi-styles/-/ansi-styles-3.2.1.tgz"
  dependencies:
    color-convert "^1.9.0"

babel-plugin-transform-hook-names@^1.0.2:
  version "1.0.2"
  resolved "https://registry.npmjs.org/babel-plugin-transform-hook-names/-/babel-plugin-transform-hook-names-1.0.2.tgz"

balanced-match@^1.0.0:
  version "1.0.2"
  resolved "https://registry.npmjs.org/balanced-match/-/balanced-match-1.0.2.tgz"

brace-expansion@^1.1.7:
  version "1.1.11"
  resolved "https://registry.npmjs.org/brace-expansion/-/brace-expansion-1.1.11.tgz"
  dependencies:
    balanced-match "^1.0.0"
    concat-map "0.0.1"

browserslist@^4.20.2:
  version "4.20.3"
  resolved "https://registry.npmjs.org/browserslist/-/browserslist-4.20.3.tgz"
  dependencies:
    caniuse-lite "^1.0.30001332"
    electron-to-chromium "^1.4.118"
    escalade "^3.1.1"
    node-releases "^2.0.3"
    picocolors "^1.0.0"

call-bind@^1.0.0, call-bind@^1.0.2:
  version "1.0.2"
  resolved "https://registry.npmjs.org/call-bind/-/call-bind-1.0.2.tgz"
  dependencies:
    function-bind "^1.1.1"
    get-intrinsic "^1.0.2"

caniuse-lite@^1.0.30001332:
  version "1.0.30001344"
  resolved "https://registry.npmjs.org/caniuse-lite/-/caniuse-lite-1.0.30001344.tgz"

chalk@^2.0.0, chalk@^2.4.1:
  version "2.4.2"
  resolved "https://registry.npmjs.org/chalk/-/chalk-2.4.2.tgz"
  dependencies:
    ansi-styles "^3.2.1"
    escape-string-regexp "^1.0.5"
    supports-color "^5.3.0"

color-convert@^1.9.0:
  version "1.9.3"
  resolved "https://registry.npmjs.org/color-convert/-/color-convert-1.9.3.tgz"
  dependencies:
    color-name "1.1.3"

color-name@1.1.3:
  version "1.1.3"
  resolved "https://registry.npmjs.org/color-name/-/color-name-1.1.3.tgz"

concat-map@0.0.1:
  version "0.0.1"
  resolved "https://registry.npmjs.org/concat-map/-/concat-map-0.0.1.tgz"

convert-source-map@^1.7.0:
  version "1.8.0"
  resolved "https://registry.npmjs.org/convert-source-map/-/convert-source-map-1.8.0.tgz"
  dependencies:
    safe-buffer "~5.1.1"

copy-anything@^2.0.1:
  version "2.0.6"
  resolved "https://registry.npmjs.org/copy-anything/-/copy-anything-2.0.6.tgz"
  dependencies:
    is-what "^3.14.1"

cross-spawn@^6.0.5:
  version "6.0.5"
  resolved "https://registry.npmjs.org/cross-spawn/-/cross-spawn-6.0.5.tgz"
  dependencies:
    nice-try "^1.0.4"
    path-key "^2.0.1"
    semver "^5.5.0"
    shebang-command "^1.2.0"
    which "^1.2.9"

debug@^3.2.6:
  version "3.2.7"
  resolved "https://registry.npmjs.org/debug/-/debug-3.2.7.tgz"
  dependencies:
    ms "^2.1.1"

debug@^4.1.0, debug@^4.3.1:
  version "4.3.4"
  resolved "https://registry.npmjs.org/debug/-/debug-4.3.4.tgz"
  dependencies:
    ms "2.1.2"

define-properties@^1.1.3, define-properties@^1.1.4:
  version "1.1.4"
  resolved "https://registry.npmjs.org/define-properties/-/define-properties-1.1.4.tgz"
  dependencies:
    has-property-descriptors "^1.0.0"
    object-keys "^1.1.1"

electron-to-chromium@^1.4.118:
  version "1.4.141"
  resolved "https://registry.npmjs.org/electron-to-chromium/-/electron-to-chromium-1.4.141.tgz"

errno@^0.1.1:
  version "0.1.8"
  resolved "https://registry.npmjs.org/errno/-/errno-0.1.8.tgz"
  dependencies:
    prr "~1.0.1"

error-ex@^1.3.1:
  version "1.3.2"
  resolved "https://registry.npmjs.org/error-ex/-/error-ex-1.3.2.tgz"
  dependencies:
    is-arrayish "^0.2.1"

es-abstract@^1.19.0, es-abstract@^1.19.1, es-abstract@^1.19.5:
  version "1.20.1"
  resolved "https://registry.npmjs.org/es-abstract/-/es-abstract-1.20.1.tgz"
  dependencies:
    call-bind "^1.0.2"
    es-to-primitive "^1.2.1"
    function-bind "^1.1.1"
    function.prototype.name "^1.1.5"
    get-intrinsic "^1.1.1"
    get-symbol-description "^1.0.0"
    has "^1.0.3"
    has-property-descriptors "^1.0.0"
    has-symbols "^1.0.3"
    internal-slot "^1.0.3"
    is-callable "^1.2.4"
    is-negative-zero "^2.0.2"
    is-regex "^1.1.4"
    is-shared-array-buffer "^1.0.2"
    is-string "^1.0.7"
    is-weakref "^1.0.2"
    object-inspect "^1.12.0"
    object-keys "^1.1.1"
    object.assign "^4.1.2"
    regexp.prototype.flags "^1.4.3"
    string.prototype.trimend "^1.0.5"
    string.prototype.trimstart "^1.0.5"
    unbox-primitive "^1.0.2"

es-to-primitive@^1.2.1:
  version "1.2.1"
  resolved "https://registry.npmjs.org/es-to-primitive/-/es-to-primitive-1.2.1.tgz"
  dependencies:
    is-callable "^1.1.4"
    is-date-object "^1.0.1"
    is-symbol "^1.0.2"

esbuild-android-64@0.14.42:
  version "0.14.42"
  resolved "https://registry.yarnpkg.com/esbuild-android-64/-/esbuild-android-64-0.14.42.tgz#d7ab3d44d3671218d22bce52f65642b12908d954"

esbuild-android-arm64@0.14.42:
  version "0.14.42"
  resolved "https://registry.yarnpkg.com/esbuild-android-arm64/-/esbuild-android-arm64-0.14.42.tgz#45336d8bec49abddb3a022996a23373f45a57c27"

esbuild-darwin-64@0.14.42:
  version "0.14.42"
  resolved "https://registry.yarnpkg.com/esbuild-darwin-64/-/esbuild-darwin-64-0.14.42.tgz#6dff5e44cd70a88c33323e2f5fb598e40c68a9e0"

esbuild-darwin-arm64@0.14.42:
  version "0.14.42"
  resolved "https://registry.yarnpkg.com/esbuild-darwin-arm64/-/esbuild-darwin-arm64-0.14.42.tgz#2c7313e1b12d2fa5b889c03213d682fb92ca8c4f"

esbuild-freebsd-64@0.14.42:
  version "0.14.42"
  resolved "https://registry.yarnpkg.com/esbuild-freebsd-64/-/esbuild-freebsd-64-0.14.42.tgz#ad1c5a564a7e473b8ce95ee7f76618d05d6daffc"

esbuild-freebsd-arm64@0.14.42:
  version "0.14.42"
  resolved "https://registry.yarnpkg.com/esbuild-freebsd-arm64/-/esbuild-freebsd-arm64-0.14.42.tgz#4bdb480234144f944f1930829bace7561135ddc7"

esbuild-linux-32@0.14.42:
  version "0.14.42"
  resolved "https://registry.yarnpkg.com/esbuild-linux-32/-/esbuild-linux-32-0.14.42.tgz#ef18fd19f067e9d2b5f677d6b82fa81519f5a8c2"

esbuild-linux-64@0.14.42:
  version "0.14.42"
  resolved "https://registry.npmjs.org/esbuild-linux-64/-/esbuild-linux-64-0.14.42.tgz"

esbuild-linux-arm64@0.14.42:
  version "0.14.42"
  resolved "https://registry.yarnpkg.com/esbuild-linux-arm64/-/esbuild-linux-arm64-0.14.42.tgz#dc19e282f8c4ffbaa470c02a4d171e4ae0180cca"

esbuild-linux-arm@0.14.42:
  version "0.14.42"
  resolved "https://registry.yarnpkg.com/esbuild-linux-arm/-/esbuild-linux-arm-0.14.42.tgz#d49870e63e2242b8156bf473f2ee5154226be328"

esbuild-linux-mips64le@0.14.42:
  version "0.14.42"
  resolved "https://registry.yarnpkg.com/esbuild-linux-mips64le/-/esbuild-linux-mips64le-0.14.42.tgz#f4e6ff9bf8a6f175470498826f48d093b054fc22"

esbuild-linux-ppc64le@0.14.42:
  version "0.14.42"
  resolved "https://registry.yarnpkg.com/esbuild-linux-ppc64le/-/esbuild-linux-ppc64le-0.14.42.tgz#ac9c66fc80ba9f8fda15a4cc08f4e55f6c0aed63"

esbuild-linux-riscv64@0.14.42:
  version "0.14.42"
  resolved "https://registry.yarnpkg.com/esbuild-linux-riscv64/-/esbuild-linux-riscv64-0.14.42.tgz#21e0ae492a3a9bf4eecbfc916339a66e204256d0"

esbuild-linux-s390x@0.14.42:
  version "0.14.42"
  resolved "https://registry.yarnpkg.com/esbuild-linux-s390x/-/esbuild-linux-s390x-0.14.42.tgz#06d40b957250ffd9a2183bfdfc9a03d6fd21b3e8"

esbuild-netbsd-64@0.14.42:
  version "0.14.42"
  resolved "https://registry.yarnpkg.com/esbuild-netbsd-64/-/esbuild-netbsd-64-0.14.42.tgz#185664f05f10914f14ed43bd9e22b7de584267f7"

esbuild-openbsd-64@0.14.42:
  version "0.14.42"
  resolved "https://registry.yarnpkg.com/esbuild-openbsd-64/-/esbuild-openbsd-64-0.14.42.tgz#c29006f659eb4e55283044bbbd4eb4054fae8839"

esbuild-sunos-64@0.14.42:
  version "0.14.42"
  resolved "https://registry.yarnpkg.com/esbuild-sunos-64/-/esbuild-sunos-64-0.14.42.tgz#aa9eec112cd1e7105e7bb37000eca7d460083f8f"

esbuild-windows-32@0.14.42:
  version "0.14.42"
  resolved "https://registry.yarnpkg.com/esbuild-windows-32/-/esbuild-windows-32-0.14.42.tgz#c3fc450853c61a74dacc5679de301db23b73e61e"

esbuild-windows-64@0.14.42:
  version "0.14.42"
  resolved "https://registry.yarnpkg.com/esbuild-windows-64/-/esbuild-windows-64-0.14.42.tgz#b877aa37ff47d9fcf0ccb1ca6a24b31475a5e555"

esbuild-windows-arm64@0.14.42:
  version "0.14.42"
  resolved "https://registry.yarnpkg.com/esbuild-windows-arm64/-/esbuild-windows-arm64-0.14.42.tgz#79da8744626f24bc016dc40d016950b5a4a2bac5"

esbuild@^0.14.27:
  version "0.14.42"
  resolved "https://registry.npmjs.org/esbuild/-/esbuild-0.14.42.tgz"
  optionalDependencies:
    esbuild-android-64 "0.14.42"
    esbuild-android-arm64 "0.14.42"
    esbuild-darwin-64 "0.14.42"
    esbuild-darwin-arm64 "0.14.42"
    esbuild-freebsd-64 "0.14.42"
    esbuild-freebsd-arm64 "0.14.42"
    esbuild-linux-32 "0.14.42"
    esbuild-linux-64 "0.14.42"
    esbuild-linux-arm "0.14.42"
    esbuild-linux-arm64 "0.14.42"
    esbuild-linux-mips64le "0.14.42"
    esbuild-linux-ppc64le "0.14.42"
    esbuild-linux-riscv64 "0.14.42"
    esbuild-linux-s390x "0.14.42"
    esbuild-netbsd-64 "0.14.42"
    esbuild-openbsd-64 "0.14.42"
    esbuild-sunos-64 "0.14.42"
    esbuild-windows-32 "0.14.42"
    esbuild-windows-64 "0.14.42"
    esbuild-windows-arm64 "0.14.42"

escalade@^3.1.1:
  version "3.1.1"
  resolved "https://registry.npmjs.org/escalade/-/escalade-3.1.1.tgz"

escape-string-regexp@^1.0.5:
  version "1.0.5"
  resolved "https://registry.npmjs.org/escape-string-regexp/-/escape-string-regexp-1.0.5.tgz"

estree-walker@^2.0.1:
  version "2.0.2"
  resolved "https://registry.npmjs.org/estree-walker/-/estree-walker-2.0.2.tgz"

fsevents@~2.3.2:
  version "2.3.2"
  resolved "https://registry.yarnpkg.com/fsevents/-/fsevents-2.3.2.tgz#8a526f78b8fdf4623b709e0b975c52c24c02fd1a"

function-bind@^1.1.1:
  version "1.1.1"
  resolved "https://registry.npmjs.org/function-bind/-/function-bind-1.1.1.tgz"

function.prototype.name@^1.1.5:
  version "1.1.5"
  resolved "https://registry.npmjs.org/function.prototype.name/-/function.prototype.name-1.1.5.tgz"
  dependencies:
    call-bind "^1.0.2"
    define-properties "^1.1.3"
    es-abstract "^1.19.0"
    functions-have-names "^1.2.2"

functions-have-names@^1.2.2:
  version "1.2.3"
  resolved "https://registry.npmjs.org/functions-have-names/-/functions-have-names-1.2.3.tgz"

gensync@^1.0.0-beta.2:
  version "1.0.0-beta.2"
  resolved "https://registry.npmjs.org/gensync/-/gensync-1.0.0-beta.2.tgz"

get-intrinsic@^1.0.2, get-intrinsic@^1.1.0, get-intrinsic@^1.1.1:
  version "1.1.1"
  resolved "https://registry.npmjs.org/get-intrinsic/-/get-intrinsic-1.1.1.tgz"
  dependencies:
    function-bind "^1.1.1"
    has "^1.0.3"
    has-symbols "^1.0.1"

get-symbol-description@^1.0.0:
  version "1.0.0"
  resolved "https://registry.npmjs.org/get-symbol-description/-/get-symbol-description-1.0.0.tgz"
  dependencies:
    call-bind "^1.0.2"
    get-intrinsic "^1.1.1"

globals@^11.1.0:
  version "11.12.0"
  resolved "https://registry.npmjs.org/globals/-/globals-11.12.0.tgz"

graceful-fs@^4.1.2:
  version "4.2.10"
  resolved "https://registry.npmjs.org/graceful-fs/-/graceful-fs-4.2.10.tgz"

has-bigints@^1.0.1, has-bigints@^1.0.2:
  version "1.0.2"
  resolved "https://registry.npmjs.org/has-bigints/-/has-bigints-1.0.2.tgz"

has-flag@^3.0.0:
  version "3.0.0"
  resolved "https://registry.npmjs.org/has-flag/-/has-flag-3.0.0.tgz"

has-property-descriptors@^1.0.0:
  version "1.0.0"
  resolved "https://registry.npmjs.org/has-property-descriptors/-/has-property-descriptors-1.0.0.tgz"
  dependencies:
    get-intrinsic "^1.1.1"

has-symbols@^1.0.1, has-symbols@^1.0.2, has-symbols@^1.0.3:
  version "1.0.3"
  resolved "https://registry.npmjs.org/has-symbols/-/has-symbols-1.0.3.tgz"

has-tostringtag@^1.0.0:
  version "1.0.0"
  resolved "https://registry.npmjs.org/has-tostringtag/-/has-tostringtag-1.0.0.tgz"
  dependencies:
    has-symbols "^1.0.2"

has@^1.0.3:
  version "1.0.3"
  resolved "https://registry.npmjs.org/has/-/has-1.0.3.tgz"
  dependencies:
    function-bind "^1.1.1"

hosted-git-info@^2.1.4:
  version "2.8.9"
  resolved "https://registry.npmjs.org/hosted-git-info/-/hosted-git-info-2.8.9.tgz"

iconv-lite@^0.4.4:
  version "0.4.24"
  resolved "https://registry.npmjs.org/iconv-lite/-/iconv-lite-0.4.24.tgz"
  dependencies:
    safer-buffer ">= 2.1.2 < 3"

image-size@~0.5.0:
  version "0.5.5"
  resolved "https://registry.npmjs.org/image-size/-/image-size-0.5.5.tgz"

internal-slot@^1.0.3:
  version "1.0.3"
  resolved "https://registry.npmjs.org/internal-slot/-/internal-slot-1.0.3.tgz"
  dependencies:
    get-intrinsic "^1.1.0"
    has "^1.0.3"
    side-channel "^1.0.4"

is-arrayish@^0.2.1:
  version "0.2.1"
  resolved "https://registry.npmjs.org/is-arrayish/-/is-arrayish-0.2.1.tgz"

is-bigint@^1.0.1:
  version "1.0.4"
  resolved "https://registry.npmjs.org/is-bigint/-/is-bigint-1.0.4.tgz"
  dependencies:
    has-bigints "^1.0.1"

is-boolean-object@^1.1.0:
  version "1.1.2"
  resolved "https://registry.npmjs.org/is-boolean-object/-/is-boolean-object-1.1.2.tgz"
  dependencies:
    call-bind "^1.0.2"
    has-tostringtag "^1.0.0"

is-callable@^1.1.4, is-callable@^1.2.4:
  version "1.2.4"
  resolved "https://registry.npmjs.org/is-callable/-/is-callable-1.2.4.tgz"

is-core-module@^2.8.1:
  version "2.9.0"
  resolved "https://registry.npmjs.org/is-core-module/-/is-core-module-2.9.0.tgz"
  dependencies:
    has "^1.0.3"

is-date-object@^1.0.1:
  version "1.0.5"
  resolved "https://registry.npmjs.org/is-date-object/-/is-date-object-1.0.5.tgz"
  dependencies:
    has-tostringtag "^1.0.0"

is-negative-zero@^2.0.2:
  version "2.0.2"
  resolved "https://registry.npmjs.org/is-negative-zero/-/is-negative-zero-2.0.2.tgz"

is-number-object@^1.0.4:
  version "1.0.7"
  resolved "https://registry.npmjs.org/is-number-object/-/is-number-object-1.0.7.tgz"
  dependencies:
    has-tostringtag "^1.0.0"

is-regex@^1.1.4:
  version "1.1.4"
  resolved "https://registry.npmjs.org/is-regex/-/is-regex-1.1.4.tgz"
  dependencies:
    call-bind "^1.0.2"
    has-tostringtag "^1.0.0"

is-shared-array-buffer@^1.0.2:
  version "1.0.2"
  resolved "https://registry.npmjs.org/is-shared-array-buffer/-/is-shared-array-buffer-1.0.2.tgz"
  dependencies:
    call-bind "^1.0.2"

is-string@^1.0.5, is-string@^1.0.7:
  version "1.0.7"
  resolved "https://registry.npmjs.org/is-string/-/is-string-1.0.7.tgz"
  dependencies:
    has-tostringtag "^1.0.0"

is-symbol@^1.0.2, is-symbol@^1.0.3:
  version "1.0.4"
  resolved "https://registry.npmjs.org/is-symbol/-/is-symbol-1.0.4.tgz"
  dependencies:
    has-symbols "^1.0.2"

is-weakref@^1.0.2:
  version "1.0.2"
  resolved "https://registry.npmjs.org/is-weakref/-/is-weakref-1.0.2.tgz"
  dependencies:
    call-bind "^1.0.2"

is-what@^3.14.1:
  version "3.14.1"
  resolved "https://registry.npmjs.org/is-what/-/is-what-3.14.1.tgz"

isexe@^2.0.0:
  version "2.0.0"
  resolved "https://registry.npmjs.org/isexe/-/isexe-2.0.0.tgz"

js-tokens@^4.0.0:
  version "4.0.0"
  resolved "https://registry.npmjs.org/js-tokens/-/js-tokens-4.0.0.tgz"

jsesc@^2.5.1:
  version "2.5.2"
  resolved "https://registry.npmjs.org/jsesc/-/jsesc-2.5.2.tgz"

json-parse-better-errors@^1.0.1:
  version "1.0.2"
  resolved "https://registry.npmjs.org/json-parse-better-errors/-/json-parse-better-errors-1.0.2.tgz"

json5@^2.2.1:
  version "2.2.3"
  resolved "https://registry.npmjs.org/json5/-/json5-2.2.3.tgz"

kolorist@^1.2.10:
  version "1.5.1"
  resolved "https://registry.npmjs.org/kolorist/-/kolorist-1.5.1.tgz"

less@^4.1.2:
  version "4.1.2"
  resolved "https://registry.npmjs.org/less/-/less-4.1.2.tgz"
  dependencies:
    copy-anything "^2.0.1"
    parse-node-version "^1.0.1"
    tslib "^2.3.0"
  optionalDependencies:
    errno "^0.1.1"
    graceful-fs "^4.1.2"
    image-size "~0.5.0"
    make-dir "^2.1.0"
    mime "^1.4.1"
    needle "^2.5.2"
    source-map "~0.6.0"

load-json-file@^4.0.0:
  version "4.0.0"
  resolved "https://registry.npmjs.org/load-json-file/-/load-json-file-4.0.0.tgz"
  dependencies:
    graceful-fs "^4.1.2"
    parse-json "^4.0.0"
    pify "^3.0.0"
    strip-bom "^3.0.0"

make-dir@^2.1.0:
  version "2.1.0"
  resolved "https://registry.npmjs.org/make-dir/-/make-dir-2.1.0.tgz"
  dependencies:
    pify "^4.0.1"
    semver "^5.6.0"

memorystream@^0.3.1:
  version "0.3.1"
  resolved "https://registry.npmjs.org/memorystream/-/memorystream-0.3.1.tgz"
  integrity "sha1-htcJCzDORV1j+64S3aUaR93K+bI= sha512-S3UwM3yj5mtUSEfP41UZmt/0SCoVYUcU1rkXv+BQ5Ig8ndL4sPoJNBUJERafdPb5jjHJGuMgytgKvKIf58XNBw=="

mime@^1.4.1:
  version "1.6.0"
  resolved "https://registry.npmjs.org/mime/-/mime-1.6.0.tgz"

minimatch@^3.0.4:
  version "3.1.2"
  resolved "https://registry.npmjs.org/minimatch/-/minimatch-3.1.2.tgz"
  dependencies:
    brace-expansion "^1.1.7"

ms@2.1.2, ms@^2.1.1:
  version "2.1.2"
  resolved "https://registry.npmjs.org/ms/-/ms-2.1.2.tgz"

nanoid@^3.3.4:
  version "3.3.4"
  resolved "https://registry.npmjs.org/nanoid/-/nanoid-3.3.4.tgz"

needle@^2.5.2:
  version "2.9.1"
  resolved "https://registry.npmjs.org/needle/-/needle-2.9.1.tgz"
  dependencies:
    debug "^3.2.6"
    iconv-lite "^0.4.4"
    sax "^1.2.4"

nice-try@^1.0.4:
  version "1.0.5"
  resolved "https://registry.npmjs.org/nice-try/-/nice-try-1.0.5.tgz"

node-releases@^2.0.3:
  version "2.0.5"
  resolved "https://registry.npmjs.org/node-releases/-/node-releases-2.0.5.tgz"

normalize-package-data@^2.3.2:
  version "2.5.0"
  resolved "https://registry.npmjs.org/normalize-package-data/-/normalize-package-data-2.5.0.tgz"
  dependencies:
    hosted-git-info "^2.1.4"
    resolve "^1.10.0"
    semver "2 || 3 || 4 || 5"
    validate-npm-package-license "^3.0.1"

npm-run-all@^4.1.5:
  version "4.1.5"
  resolved "https://registry.npmjs.org/npm-run-all/-/npm-run-all-4.1.5.tgz"
  dependencies:
    ansi-styles "^3.2.1"
    chalk "^2.4.1"
    cross-spawn "^6.0.5"
    memorystream "^0.3.1"
    minimatch "^3.0.4"
    pidtree "^0.3.0"
    read-pkg "^3.0.0"
    shell-quote "^1.6.1"
    string.prototype.padend "^3.0.0"

object-inspect@^1.12.0, object-inspect@^1.9.0:
  version "1.12.2"
  resolved "https://registry.npmjs.org/object-inspect/-/object-inspect-1.12.2.tgz"

object-keys@^1.1.1:
  version "1.1.1"
  resolved "https://registry.npmjs.org/object-keys/-/object-keys-1.1.1.tgz"

object.assign@^4.1.2:
  version "4.1.2"
  resolved "https://registry.npmjs.org/object.assign/-/object.assign-4.1.2.tgz"
  dependencies:
    call-bind "^1.0.0"
    define-properties "^1.1.3"
    has-symbols "^1.0.1"
    object-keys "^1.1.1"

parse-json@^4.0.0:
  version "4.0.0"
  resolved "https://registry.npmjs.org/parse-json/-/parse-json-4.0.0.tgz"
  integrity "sha1-vjX1Qlvh9/bHRxhPmKeIy5lHfuA= sha512-aOIos8bujGN93/8Ox/jPLh7RwVnPEysynVFE+fQZyg6jKELEHwzgKdLRFHUgXJL6kylijVSBC4BvN9OmsB48Rw=="
  dependencies:
    error-ex "^1.3.1"
    json-parse-better-errors "^1.0.1"

parse-node-version@^1.0.1:
  version "1.0.1"
  resolved "https://registry.npmjs.org/parse-node-version/-/parse-node-version-1.0.1.tgz"

path-key@^2.0.1:
  version "2.0.1"
  resolved "https://registry.npmjs.org/path-key/-/path-key-2.0.1.tgz"
  integrity "sha1-QRyttXTFoUDTpLGRDUDYDMn0C0A= sha512-fEHGKCSmUSDPv4uoj8AlD+joPlq3peND+HRYyxFz4KPw4z926S/b8rIuFs2FYJg3BwsxJf6A9/3eIdLaYC+9Dw=="

path-parse@^1.0.7:
  version "1.0.7"
  resolved "https://registry.npmjs.org/path-parse/-/path-parse-1.0.7.tgz"

path-type@^3.0.0:
  version "3.0.0"
  resolved "https://registry.npmjs.org/path-type/-/path-type-3.0.0.tgz"
  dependencies:
    pify "^3.0.0"

picocolors@^1.0.0:
  version "1.0.0"
  resolved "https://registry.npmjs.org/picocolors/-/picocolors-1.0.0.tgz"

picomatch@^2.2.2:
  version "2.3.1"
  resolved "https://registry.npmjs.org/picomatch/-/picomatch-2.3.1.tgz"

pidtree@^0.3.0:
  version "0.3.1"
  resolved "https://registry.npmjs.org/pidtree/-/pidtree-0.3.1.tgz"

pify@^3.0.0:
  version "3.0.0"
  resolved "https://registry.npmjs.org/pify/-/pify-3.0.0.tgz"
  integrity "sha1-5aSs0sEB/fPZpNB/DbxNtJ3SgXY= sha512-C3FsVNH1udSEX48gGX1xfvwTWfsYWj5U+8/uK15BGzIGrKoUpghX8hWZwa/OFnakBiiVNmBvemTJR5mcy7iPcg=="

pify@^4.0.1:
  version "4.0.1"
  resolved "https://registry.npmjs.org/pify/-/pify-4.0.1.tgz"

postcss@^8.4.13:
  version "8.4.14"
  resolved "https://registry.npmjs.org/postcss/-/postcss-8.4.14.tgz"
  dependencies:
    nanoid "^3.3.4"
    picocolors "^1.0.0"
    source-map-js "^1.0.2"

preact-router@^4.0.1:
  version "4.0.1"
  resolved "https://registry.npmjs.org/preact-router/-/preact-router-4.0.1.tgz"

preact@^10.5.15:
  version "10.7.2"
  resolved "https://registry.npmjs.org/preact/-/preact-10.7.2.tgz"

prr@~1.0.1:
  version "1.0.1"
  resolved "https://registry.npmjs.org/prr/-/prr-1.0.1.tgz"
  integrity "sha1-0/wRS6BplaRexok/SEzrHXj19HY= sha512-yPw4Sng1gWghHQWj0B3ZggWUm4qVbPwPFcRG8KyxiU7J2OHFSoEHKS+EZ3fv5l1t9CyCiop6l/ZYeWbrgoQejw=="

read-pkg@^3.0.0:
  version "3.0.0"
  resolved "https://registry.npmjs.org/read-pkg/-/read-pkg-3.0.0.tgz"
  integrity "sha1-nLxoaXj+5l0WwA4rGcI3/Pbjg4k= sha512-BLq/cCO9two+lBgiTYNqD6GdtK8s4NpaWrl6/rCO9w0TUS8oJl7cmToOZfRYllKTISY6nt1U7jQ53brmKqY6BA=="
  dependencies:
    load-json-file "^4.0.0"
    normalize-package-data "^2.3.2"
    path-type "^3.0.0"

regexp.prototype.flags@^1.4.3:
  version "1.4.3"
  resolved "https://registry.npmjs.org/regexp.prototype.flags/-/regexp.prototype.flags-1.4.3.tgz"
  dependencies:
    call-bind "^1.0.2"
    define-properties "^1.1.3"
    functions-have-names "^1.2.2"

resolve@^1.10.0, resolve@^1.20.0, resolve@^1.22.0:
  version "1.22.0"
  resolved "https://registry.npmjs.org/resolve/-/resolve-1.22.0.tgz"
  dependencies:
    is-core-module "^2.8.1"
    path-parse "^1.0.7"
    supports-preserve-symlinks-flag "^1.0.0"

rollup@^2.59.0:
  version "2.75.3"
  resolved "https://registry.npmjs.org/rollup/-/rollup-2.75.3.tgz"
  optionalDependencies:
    fsevents "~2.3.2"

safe-buffer@~5.1.1:
  version "5.1.2"
  resolved "https://registry.npmjs.org/safe-buffer/-/safe-buffer-5.1.2.tgz"

"safer-buffer@>= 2.1.2 < 3":
  version "2.1.2"
  resolved "https://registry.npmjs.org/safer-buffer/-/safer-buffer-2.1.2.tgz"

sax@^1.2.4:
  version "1.2.4"
  resolved "https://registry.npmjs.org/sax/-/sax-1.2.4.tgz"

"semver@2 || 3 || 4 || 5", semver@^5.5.0, semver@^5.6.0:
  version "5.7.2"
  resolved "https://registry.yarnpkg.com/semver/-/semver-5.7.2.tgz#48d55db737c3287cd4835e17fa13feace1c41ef8"

semver@^6.3.0:
  version "6.3.1"
  resolved "https://registry.yarnpkg.com/semver/-/semver-6.3.1.tgz#556d2ef8689146e46dcea4bfdd095f3434dffcb4"

shebang-command@^1.2.0:
  version "1.2.0"
  resolved "https://registry.npmjs.org/shebang-command/-/shebang-command-1.2.0.tgz"
  integrity "sha1-RKrGW2lbAzmJaMOfNj/uXer98eo= sha512-EV3L1+UQWGor21OmnvojK36mhg+TyIKDh3iFBKBohr5xeXIhNBcx8oWdgkTEEQ+BEFFYdLRuqMfd5L84N1V5Vg=="
  dependencies:
    shebang-regex "^1.0.0"

shebang-regex@^1.0.0:
  version "1.0.0"
  resolved "https://registry.npmjs.org/shebang-regex/-/shebang-regex-1.0.0.tgz"
  integrity "sha1-2kL0l0DAtC2yypcoVxyxkMmO/qM= sha512-wpoSFAxys6b2a2wHZ1XpDSgD7N9iVjg29Ph9uV/uaP9Ex/KXlkTZTeddxDPSYQpgvzKLGJke2UU0AzoGCjNIvQ=="

shell-quote@^1.6.1:
  version "1.7.3"
  resolved "https://registry.npmjs.org/shell-quote/-/shell-quote-1.7.3.tgz"

side-channel@^1.0.4:
  version "1.0.4"
  resolved "https://registry.npmjs.org/side-channel/-/side-channel-1.0.4.tgz"
  dependencies:
    call-bind "^1.0.0"
    get-intrinsic "^1.0.2"
    object-inspect "^1.9.0"

source-map-js@^1.0.2:
  version "1.0.2"
  resolved "https://registry.npmjs.org/source-map-js/-/source-map-js-1.0.2.tgz"

source-map@~0.6.0:
  version "0.6.1"
  resolved "https://registry.npmjs.org/source-map/-/source-map-0.6.1.tgz"

spdx-correct@^3.0.0:
  version "3.1.1"
  resolved "https://registry.npmjs.org/spdx-correct/-/spdx-correct-3.1.1.tgz"
  dependencies:
    spdx-expression-parse "^3.0.0"
    spdx-license-ids "^3.0.0"

spdx-exceptions@^2.1.0:
  version "2.3.0"
  resolved "https://registry.npmjs.org/spdx-exceptions/-/spdx-exceptions-2.3.0.tgz"

spdx-expression-parse@^3.0.0:
  version "3.0.1"
  resolved "https://registry.npmjs.org/spdx-expression-parse/-/spdx-expression-parse-3.0.1.tgz"
  dependencies:
    spdx-exceptions "^2.1.0"
    spdx-license-ids "^3.0.0"

spdx-license-ids@^3.0.0:
  version "3.0.11"
  resolved "https://registry.npmjs.org/spdx-license-ids/-/spdx-license-ids-3.0.11.tgz"

string.prototype.padend@^3.0.0:
  version "3.1.3"
  resolved "https://registry.npmjs.org/string.prototype.padend/-/string.prototype.padend-3.1.3.tgz"
  dependencies:
    call-bind "^1.0.2"
    define-properties "^1.1.3"
    es-abstract "^1.19.1"

string.prototype.trimend@^1.0.5:
  version "1.0.5"
  resolved "https://registry.npmjs.org/string.prototype.trimend/-/string.prototype.trimend-1.0.5.tgz"
  dependencies:
    call-bind "^1.0.2"
    define-properties "^1.1.4"
    es-abstract "^1.19.5"

string.prototype.trimstart@^1.0.5:
  version "1.0.5"
  resolved "https://registry.npmjs.org/string.prototype.trimstart/-/string.prototype.trimstart-1.0.5.tgz"
  dependencies:
    call-bind "^1.0.2"
    define-properties "^1.1.4"
    es-abstract "^1.19.5"

strip-bom@^3.0.0:
  version "3.0.0"
  resolved "https://registry.npmjs.org/strip-bom/-/strip-bom-3.0.0.tgz"
  integrity "sha1-IzTBjpx1n3vdVv3vfprj1YjmjtM= sha512-vavAMRXOgBVNF6nyEEmL3DBK19iRpDcoIwW+swQ+CbGiu7lju6t+JklA1MHweoWtadgt4ISVUsXLyDq34ddcwA=="

supports-color@^5.3.0:
  version "5.5.0"
  resolved "https://registry.npmjs.org/supports-color/-/supports-color-5.5.0.tgz"
  dependencies:
    has-flag "^3.0.0"

supports-preserve-symlinks-flag@^1.0.0:
  version "1.0.0"
  resolved "https://registry.npmjs.org/supports-preserve-symlinks-flag/-/supports-preserve-symlinks-flag-1.0.0.tgz"

to-fast-properties@^2.0.0:
  version "2.0.0"
  resolved "https://registry.npmjs.org/to-fast-properties/-/to-fast-properties-2.0.0.tgz"
  integrity "sha1-3F5pjL0HkmW8c+A3doGk5Og/YW4= sha512-/OaKK0xYrs3DmxRYqL/yDc+FxFUVYhDlXMhRmv3z915w2HF1tnN1omB354j8VUGO/hbRzyD6Y3sA7v7GS/ceog=="

tslib@^2.3.0:
  version "2.4.0"
  resolved "https://registry.npmjs.org/tslib/-/tslib-2.4.0.tgz"

typescript@^4.5.4:
  version "4.7.2"
  resolved "https://registry.npmjs.org/typescript/-/typescript-4.7.2.tgz"

unbox-primitive@^1.0.2:
  version "1.0.2"
  resolved "https://registry.npmjs.org/unbox-primitive/-/unbox-primitive-1.0.2.tgz"
  dependencies:
    call-bind "^1.0.2"
    has-bigints "^1.0.2"
    has-symbols "^1.0.3"
    which-boxed-primitive "^1.0.2"

validate-npm-package-license@^3.0.1:
  version "3.0.4"
  resolved "https://registry.npmjs.org/validate-npm-package-license/-/validate-npm-package-license-3.0.4.tgz"
  dependencies:
    spdx-correct "^3.0.0"
    spdx-expression-parse "^3.0.0"

vite@^2.9.13:
  version "2.9.13"
  resolved "https://registry.npmjs.org/vite/-/vite-2.9.13.tgz"
  dependencies:
    esbuild "^0.14.27"
    postcss "^8.4.13"
    resolve "^1.22.0"
    rollup "^2.59.0"
  optionalDependencies:
    fsevents "~2.3.2"

which-boxed-primitive@^1.0.2:
  version "1.0.2"
  resolved "https://registry.npmjs.org/which-boxed-primitive/-/which-boxed-primitive-1.0.2.tgz"
  dependencies:
    is-bigint "^1.0.1"
    is-boolean-object "^1.1.0"
    is-number-object "^1.0.4"
    is-string "^1.0.5"
    is-symbol "^1.0.3"

which@^1.2.9:
  version "1.3.1"
  resolved "https://registry.npmjs.org/which/-/which-1.3.1.tgz"
  dependencies:
    isexe "^2.0.0"
